
Microsoft Visual Studio Solution File, Format Version 12.00
# Visual Studio 15
VisualStudioVersion = 15.0.28307.779
MinimumVisualStudioVersion = 10.0.40219.1
Project("{9A19103F-16F7-4668-BE54-9A1E7A4F7556}") = "Blog", "Blog\Blog.csproj", "{1088A562-396E-4FA1-A34E-2168E33436E7}"
EndProject
Project("{2150E333-8FDC-42A3-9474-1A3956D46DE8}") = "Domain", "Domain", "{D8813E59-4A1E-4D60-AA8A-DD5C92DBF5DF}"
EndProject
Project("{9A19103F-16F7-4668-BE54-9A1E7A4F7556}") = "Core", "Core\Core.csproj", "{5269FBFA-97D2-4DF3-983B-FFDFBC45C48A}"
EndProject
Project("{2150E333-8FDC-42A3-9474-1A3956D46DE8}") = "Repositories", "Repositories", "{D79A7792-5B93-4177-AC24-7FC4155DDB65}"
EndProject
Project("{9A19103F-16F7-4668-BE54-9A1E7A4F7556}") = "Interfaces", "Interfaces\Interfaces.csproj", "{9CE4874F-9DF0-4535-A63A-B5C2EE97A8D3}"
EndProject
Project("{9A19103F-16F7-4668-BE54-9A1E7A4F7556}") = "Data", "Data\Data.csproj", "{3A64F4EA-600E-4662-A7BE-72D2F005DAE3}"
EndProject
Project("{2150E333-8FDC-42A3-9474-1A3956D46DE8}") = "Services", "Services", "{828DB4E0-10A5-461C-95C0-3D29E6F29346}"
EndProject
Project("{9A19103F-16F7-4668-BE54-9A1E7A4F7556}") = "IServices", "IServices\IServices.csproj", "{B2B6DE16-D4AE-4EE8-9D92-2E9E958473F3}"
EndProject
Project("{9A19103F-16F7-4668-BE54-9A1E7A4F7556}") = "BL", "BL\BL.csproj", "{BBAE0818-3208-46D8-9B18-BAB93F3E5241}"
EndProject
Project("{9A19103F-16F7-4668-BE54-9A1E7A4F7556}") = "Blog.Services.Tests", "Blog.Tests\Blog.Services.Tests.csproj", "{CF30CDDF-8256-4FAE-AE71-09ABD775FECE}"
EndProject
Global
	GlobalSection(SolutionConfigurationPlatforms) = preSolution
		Debug|Any CPU = Debug|Any CPU
		Release|Any CPU = Release|Any CPU
	EndGlobalSection
	GlobalSection(ProjectConfigurationPlatforms) = postSolution
		{1088A562-396E-4FA1-A34E-2168E33436E7}.Debug|Any CPU.ActiveCfg = Debug|Any CPU
		{1088A562-396E-4FA1-A34E-2168E33436E7}.Debug|Any CPU.Build.0 = Debug|Any CPU
		{1088A562-396E-4FA1-A34E-2168E33436E7}.Release|Any CPU.ActiveCfg = Release|Any CPU
		{1088A562-396E-4FA1-A34E-2168E33436E7}.Release|Any CPU.Build.0 = Release|Any CPU
		{5269FBFA-97D2-4DF3-983B-FFDFBC45C48A}.Debug|Any CPU.ActiveCfg = Debug|Any CPU
		{5269FBFA-97D2-4DF3-983B-FFDFBC45C48A}.Debug|Any CPU.Build.0 = Debug|Any CPU
		{5269FBFA-97D2-4DF3-983B-FFDFBC45C48A}.Release|Any CPU.ActiveCfg = Release|Any CPU
		{5269FBFA-97D2-4DF3-983B-FFDFBC45C48A}.Release|Any CPU.Build.0 = Release|Any CPU
		{9CE4874F-9DF0-4535-A63A-B5C2EE97A8D3}.Debug|Any CPU.ActiveCfg = Debug|Any CPU
		{9CE4874F-9DF0-4535-A63A-B5C2EE97A8D3}.Debug|Any CPU.Build.0 = Debug|Any CPU
		{9CE4874F-9DF0-4535-A63A-B5C2EE97A8D3}.Release|Any CPU.ActiveCfg = Release|Any CPU
		{9CE4874F-9DF0-4535-A63A-B5C2EE97A8D3}.Release|Any CPU.Build.0 = Release|Any CPU
		{3A64F4EA-600E-4662-A7BE-72D2F005DAE3}.Debug|Any CPU.ActiveCfg = Debug|Any CPU
		{3A64F4EA-600E-4662-A7BE-72D2F005DAE3}.Debug|Any CPU.Build.0 = Debug|Any CPU
		{3A64F4EA-600E-4662-A7BE-72D2F005DAE3}.Release|Any CPU.ActiveCfg = Release|Any CPU
		{3A64F4EA-600E-4662-A7BE-72D2F005DAE3}.Release|Any CPU.Build.0 = Release|Any CPU
		{B2B6DE16-D4AE-4EE8-9D92-2E9E958473F3}.Debug|Any CPU.ActiveCfg = Debug|Any CPU
		{B2B6DE16-D4AE-4EE8-9D92-2E9E958473F3}.Debug|Any CPU.Build.0 = Debug|Any CPU
		{B2B6DE16-D4AE-4EE8-9D92-2E9E958473F3}.Release|Any CPU.ActiveCfg = Release|Any CPU
		{B2B6DE16-D4AE-4EE8-9D92-2E9E958473F3}.Release|Any CPU.Build.0 = Release|Any CPU
		{BBAE0818-3208-46D8-9B18-BAB93F3E5241}.Debug|Any CPU.ActiveCfg = Debug|Any CPU
		{BBAE0818-3208-46D8-9B18-BAB93F3E5241}.Debug|Any CPU.Build.0 = Debug|Any CPU
		{BBAE0818-3208-46D8-9B18-BAB93F3E5241}.Release|Any CPU.ActiveCfg = Release|Any CPU
		{BBAE0818-3208-46D8-9B18-BAB93F3E5241}.Release|Any CPU.Build.0 = Release|Any CPU
		{CF30CDDF-8256-4FAE-AE71-09ABD775FECE}.Debug|Any CPU.ActiveCfg = Debug|Any CPU
		{CF30CDDF-8256-4FAE-AE71-09ABD775FECE}.Debug|Any CPU.Build.0 = Debug|Any CPU
		{CF30CDDF-8256-4FAE-AE71-09ABD775FECE}.Release|Any CPU.ActiveCfg = Release|Any CPU
		{CF30CDDF-8256-4FAE-AE71-09ABD775FECE}.Release|Any CPU.Build.0 = Release|Any CPU
	EndGlobalSection
	GlobalSection(SolutionProperties) = preSolution
		HideSolutionNode = FALSE
	EndGlobalSection
	GlobalSection(NestedProjects) = preSolution
		{5269FBFA-97D2-4DF3-983B-FFDFBC45C48A} = {D8813E59-4A1E-4D60-AA8A-DD5C92DBF5DF}
		{9CE4874F-9DF0-4535-A63A-B5C2EE97A8D3} = {D79A7792-5B93-4177-AC24-7FC4155DDB65}
		{3A64F4EA-600E-4662-A7BE-72D2F005DAE3} = {D79A7792-5B93-4177-AC24-7FC4155DDB65}
		{B2B6DE16-D4AE-4EE8-9D92-2E9E958473F3} = {828DB4E0-10A5-461C-95C0-3D29E6F29346}
		{BBAE0818-3208-46D8-9B18-BAB93F3E5241} = {828DB4E0-10A5-461C-95C0-3D29E6F29346}
	EndGlobalSection
	GlobalSection(ExtensibilityGlobals) = postSolution
		SolutionGuid = {FE5A2859-0C39-482C-BFDE-10A05E62C10B}
	EndGlobalSection
EndGlobal
