
Microsoft Visual Studio Solution File, Format Version 12.00
# Visual Studio Version 16
VisualStudioVersion = 16.0.29418.71
MinimumVisualStudioVersion = 10.0.40219.1
Project("{2150E333-8FDC-42A3-9474-1A3956D46DE8}") = "Repositories", "Repositories", "{D79A7792-5B93-4177-AC24-7FC4155DDB65}"
EndProject
Project("{2150E333-8FDC-42A3-9474-1A3956D46DE8}") = "Services", "Services", "{828DB4E0-10A5-461C-95C0-3D29E6F29346}"
EndProject
Project("{9A19103F-16F7-4668-BE54-9A1E7A4F7556}") = "BL", "Services\BL\BL.csproj", "{CD43EB77-D5C7-42B4-A799-653EE05E2892}"
EndProject
Project("{9A19103F-16F7-4668-BE54-9A1E7A4F7556}") = "Blog.Services.Tests", "Services\Blog.Services.Tests\Blog.Services.Tests.csproj", "{578A267A-8615-411C-8861-F46131B436D0}"
EndProject
Project("{9A19103F-16F7-4668-BE54-9A1E7A4F7556}") = "Repositories", "Repositories\Repositories\Repositories.csproj", "{CBA3B964-39A1-4A86-BFBC-863928577430}"
EndProject
Project("{9A19103F-16F7-4668-BE54-9A1E7A4F7556}") = "EntityModels", "Repositories\EntityModels\EntityModels.csproj", "{22DB5031-CF05-412C-A65F-B35900E8483F}"
EndProject
Project("{9A19103F-16F7-4668-BE54-9A1E7A4F7556}") = "Blog.Repositories.Tests", "Repositories\Blog.Repositories.Tests\Blog.Repositories.Tests.csproj", "{885F9C46-C1F1-4AF5-BA9F-ED806ED0CEC8}"
EndProject
Project("{9A19103F-16F7-4668-BE54-9A1E7A4F7556}") = "DomainModels", "Services\DomainModels\DomainModels.csproj", "{07746C13-704A-47EF-81B5-2F3E8DA7F26B}"
EndProject
Project("{9A19103F-16F7-4668-BE54-9A1E7A4F7556}") = "Helpers", "Repositories\Helpers\Helpers.csproj", "{04C1490A-AC11-4099-9543-602D33AFD7AF}"
EndProject
Project("{FAE04EC0-301F-11D3-BF4B-00C04F79EFBC}") = "Helpers", "Services\BL.Helpers\Helpers.csproj", "{47CA62EB-DD40-44EF-8DFD-885A3FD9B9BB}"
EndProject
Project("{2150E333-8FDC-42A3-9474-1A3956D46DE8}") = "ViewModule", "ViewModule", "{02CC70FE-D305-429A-A1B9-8BBF69DEE18C}"
EndProject
Project("{9A19103F-16F7-4668-BE54-9A1E7A4F7556}") = "Blog", "ViewModule\Blog\Blog.csproj", "{23A45F14-7805-4315-A409-0CEA900EBA34}"
EndProject
Project("{9A19103F-16F7-4668-BE54-9A1E7A4F7556}") = "BLModels", "ViewModule\BLModels\BLModels.csproj", "{EAC687A1-C21B-452C-922B-EA6765F26CA5}"
EndProject
Project("{9A19103F-16F7-4668-BE54-9A1E7A4F7556}") = "DALInterfaces", "Services\Interfaces\DALInterfaces.csproj", "{7510D9B5-68EB-46DF-8629-EBDDC370333D}"
EndProject
Project("{9A19103F-16F7-4668-BE54-9A1E7A4F7556}") = "BLInterfaces", "ViewModule\Interfaces\BLInterfaces.csproj", "{D06EC888-8F95-4708-AFCE-45376A482699}"
EndProject
Global
	GlobalSection(SolutionConfigurationPlatforms) = preSolution
		Debug|Any CPU = Debug|Any CPU
		Release|Any CPU = Release|Any CPU
	EndGlobalSection
	GlobalSection(ProjectConfigurationPlatforms) = postSolution
		{CD43EB77-D5C7-42B4-A799-653EE05E2892}.Debug|Any CPU.ActiveCfg = Debug|Any CPU
		{CD43EB77-D5C7-42B4-A799-653EE05E2892}.Debug|Any CPU.Build.0 = Debug|Any CPU
		{CD43EB77-D5C7-42B4-A799-653EE05E2892}.Release|Any CPU.ActiveCfg = Release|Any CPU
		{CD43EB77-D5C7-42B4-A799-653EE05E2892}.Release|Any CPU.Build.0 = Release|Any CPU
		{578A267A-8615-411C-8861-F46131B436D0}.Debug|Any CPU.ActiveCfg = Debug|Any CPU
		{578A267A-8615-411C-8861-F46131B436D0}.Debug|Any CPU.Build.0 = Debug|Any CPU
		{578A267A-8615-411C-8861-F46131B436D0}.Release|Any CPU.ActiveCfg = Release|Any CPU
		{578A267A-8615-411C-8861-F46131B436D0}.Release|Any CPU.Build.0 = Release|Any CPU
		{CBA3B964-39A1-4A86-BFBC-863928577430}.Debug|Any CPU.ActiveCfg = Debug|Any CPU
		{CBA3B964-39A1-4A86-BFBC-863928577430}.Debug|Any CPU.Build.0 = Debug|Any CPU
		{CBA3B964-39A1-4A86-BFBC-863928577430}.Release|Any CPU.ActiveCfg = Release|Any CPU
		{CBA3B964-39A1-4A86-BFBC-863928577430}.Release|Any CPU.Build.0 = Release|Any CPU
		{22DB5031-CF05-412C-A65F-B35900E8483F}.Debug|Any CPU.ActiveCfg = Debug|Any CPU
		{22DB5031-CF05-412C-A65F-B35900E8483F}.Debug|Any CPU.Build.0 = Debug|Any CPU
		{22DB5031-CF05-412C-A65F-B35900E8483F}.Release|Any CPU.ActiveCfg = Release|Any CPU
		{22DB5031-CF05-412C-A65F-B35900E8483F}.Release|Any CPU.Build.0 = Release|Any CPU
		{885F9C46-C1F1-4AF5-BA9F-ED806ED0CEC8}.Debug|Any CPU.ActiveCfg = Debug|Any CPU
		{885F9C46-C1F1-4AF5-BA9F-ED806ED0CEC8}.Debug|Any CPU.Build.0 = Debug|Any CPU
		{885F9C46-C1F1-4AF5-BA9F-ED806ED0CEC8}.Release|Any CPU.ActiveCfg = Release|Any CPU
		{885F9C46-C1F1-4AF5-BA9F-ED806ED0CEC8}.Release|Any CPU.Build.0 = Release|Any CPU
		{07746C13-704A-47EF-81B5-2F3E8DA7F26B}.Debug|Any CPU.ActiveCfg = Debug|Any CPU
		{07746C13-704A-47EF-81B5-2F3E8DA7F26B}.Debug|Any CPU.Build.0 = Debug|Any CPU
		{07746C13-704A-47EF-81B5-2F3E8DA7F26B}.Release|Any CPU.ActiveCfg = Release|Any CPU
		{07746C13-704A-47EF-81B5-2F3E8DA7F26B}.Release|Any CPU.Build.0 = Release|Any CPU
		{04C1490A-AC11-4099-9543-602D33AFD7AF}.Debug|Any CPU.ActiveCfg = Debug|Any CPU
		{04C1490A-AC11-4099-9543-602D33AFD7AF}.Debug|Any CPU.Build.0 = Debug|Any CPU
		{04C1490A-AC11-4099-9543-602D33AFD7AF}.Release|Any CPU.ActiveCfg = Release|Any CPU
		{04C1490A-AC11-4099-9543-602D33AFD7AF}.Release|Any CPU.Build.0 = Release|Any CPU
		{47CA62EB-DD40-44EF-8DFD-885A3FD9B9BB}.Debug|Any CPU.ActiveCfg = Debug|Any CPU
		{47CA62EB-DD40-44EF-8DFD-885A3FD9B9BB}.Debug|Any CPU.Build.0 = Debug|Any CPU
		{47CA62EB-DD40-44EF-8DFD-885A3FD9B9BB}.Release|Any CPU.ActiveCfg = Release|Any CPU
		{47CA62EB-DD40-44EF-8DFD-885A3FD9B9BB}.Release|Any CPU.Build.0 = Release|Any CPU
		{23A45F14-7805-4315-A409-0CEA900EBA34}.Debug|Any CPU.ActiveCfg = Debug|Any CPU
		{23A45F14-7805-4315-A409-0CEA900EBA34}.Debug|Any CPU.Build.0 = Debug|Any CPU
		{23A45F14-7805-4315-A409-0CEA900EBA34}.Release|Any CPU.ActiveCfg = Release|Any CPU
		{23A45F14-7805-4315-A409-0CEA900EBA34}.Release|Any CPU.Build.0 = Release|Any CPU
		{EAC687A1-C21B-452C-922B-EA6765F26CA5}.Debug|Any CPU.ActiveCfg = Debug|Any CPU
		{EAC687A1-C21B-452C-922B-EA6765F26CA5}.Debug|Any CPU.Build.0 = Debug|Any CPU
		{EAC687A1-C21B-452C-922B-EA6765F26CA5}.Release|Any CPU.ActiveCfg = Release|Any CPU
		{EAC687A1-C21B-452C-922B-EA6765F26CA5}.Release|Any CPU.Build.0 = Release|Any CPU
		{7510D9B5-68EB-46DF-8629-EBDDC370333D}.Debug|Any CPU.ActiveCfg = Debug|Any CPU
		{7510D9B5-68EB-46DF-8629-EBDDC370333D}.Debug|Any CPU.Build.0 = Debug|Any CPU
		{7510D9B5-68EB-46DF-8629-EBDDC370333D}.Release|Any CPU.ActiveCfg = Release|Any CPU
		{7510D9B5-68EB-46DF-8629-EBDDC370333D}.Release|Any CPU.Build.0 = Release|Any CPU
		{D06EC888-8F95-4708-AFCE-45376A482699}.Debug|Any CPU.ActiveCfg = Debug|Any CPU
		{D06EC888-8F95-4708-AFCE-45376A482699}.Debug|Any CPU.Build.0 = Debug|Any CPU
		{D06EC888-8F95-4708-AFCE-45376A482699}.Release|Any CPU.ActiveCfg = Release|Any CPU
		{D06EC888-8F95-4708-AFCE-45376A482699}.Release|Any CPU.Build.0 = Release|Any CPU
	EndGlobalSection
	GlobalSection(SolutionProperties) = preSolution
		HideSolutionNode = FALSE
	EndGlobalSection
	GlobalSection(NestedProjects) = preSolution
		{CD43EB77-D5C7-42B4-A799-653EE05E2892} = {828DB4E0-10A5-461C-95C0-3D29E6F29346}
		{578A267A-8615-411C-8861-F46131B436D0} = {828DB4E0-10A5-461C-95C0-3D29E6F29346}
		{CBA3B964-39A1-4A86-BFBC-863928577430} = {D79A7792-5B93-4177-AC24-7FC4155DDB65}
		{22DB5031-CF05-412C-A65F-B35900E8483F} = {D79A7792-5B93-4177-AC24-7FC4155DDB65}
		{885F9C46-C1F1-4AF5-BA9F-ED806ED0CEC8} = {D79A7792-5B93-4177-AC24-7FC4155DDB65}
		{07746C13-704A-47EF-81B5-2F3E8DA7F26B} = {828DB4E0-10A5-461C-95C0-3D29E6F29346}
		{04C1490A-AC11-4099-9543-602D33AFD7AF} = {D79A7792-5B93-4177-AC24-7FC4155DDB65}
		{47CA62EB-DD40-44EF-8DFD-885A3FD9B9BB} = {828DB4E0-10A5-461C-95C0-3D29E6F29346}
		{23A45F14-7805-4315-A409-0CEA900EBA34} = {02CC70FE-D305-429A-A1B9-8BBF69DEE18C}
		{EAC687A1-C21B-452C-922B-EA6765F26CA5} = {02CC70FE-D305-429A-A1B9-8BBF69DEE18C}
		{7510D9B5-68EB-46DF-8629-EBDDC370333D} = {828DB4E0-10A5-461C-95C0-3D29E6F29346}
		{D06EC888-8F95-4708-AFCE-45376A482699} = {02CC70FE-D305-429A-A1B9-8BBF69DEE18C}
	EndGlobalSection
	GlobalSection(ExtensibilityGlobals) = postSolution
		SolutionGuid = {FE5A2859-0C39-482C-BFDE-10A05E62C10B}
	EndGlobalSection
EndGlobal
